{
  "name": "EconomyBot",
  "version": "1.0.0",
  "lockfileVersion": 1,
  "requires": true,
  "dependencies": {
    "discord-buttons": {
      "version": "4.0.0-deprecated",
      "resolved": "https://registry.npmjs.org/discord-buttons/-/discord-buttons-4.0.0-deprecated.tgz",
      "integrity": "sha512-9pH8YHRumOz9+VJr/MNJEdYDSMJiL0tCJ+wKPtjQQusohJHL1KTTxRtT1PH8snXYQKoevZ1c0YJ3ZWW4uTsIMA=="
    },
    "discord.js": {
      "version": "12.5.3",
      "requires": {
        "@discordjs/collection": "^0.1.6",
        "@discordjs/form-data": "^3.0.1",
        "abort-controller": "^3.0.0",
        "node-fetch": "^2.6.1",
        "prism-media": "^1.2.9",
        "setimmediate": "^1.0.5",
        "tweetnacl": "^1.0.3",
        "ws": "^7.4.4"
      }
    },
    "quick.eco": {
      "version": "2.0.4",
      "requires": {
        "quick.db": "^7.1.1"
      }
    }
  }
}
